
Microsoft Visual Studio Solution File, Format Version 12.00
# Visual Studio 15
VisualStudioVersion = 15.0.28307.757
MinimumVisualStudioVersion = 10.0.40219.1
Project("{FAE04EC0-301F-11D3-BF4B-00C04F79EFBC}") = "Panacea.Modules.Chromium", "Panacea.Modules.Chromium\Panacea.Modules.Chromium.csproj", "{BAA2CB0C-63F5-460B-95EF-1336504E1C0A}"
EndProject
Global
	GlobalSection(SolutionConfigurationPlatforms) = preSolution
		Debug|Any CPU = Debug|Any CPU
		Debug|x64 = Debug|x64
		Debug|x86 = Debug|x86
		Release|Any CPU = Release|Any CPU
		Release|x64 = Release|x64
		Release|x86 = Release|x86
	EndGlobalSection
	GlobalSection(ProjectConfigurationPlatforms) = postSolution
		{BAA2CB0C-63F5-460B-95EF-1336504E1C0A}.Debug|Any CPU.ActiveCfg = Debug|x86
		{BAA2CB0C-63F5-460B-95EF-1336504E1C0A}.Debug|x64.ActiveCfg = Debug|x64
		{BAA2CB0C-63F5-460B-95EF-1336504E1C0A}.Debug|x64.Build.0 = Debug|x64
		{BAA2CB0C-63F5-460B-95EF-1336504E1C0A}.Debug|x86.ActiveCfg = Debug|x86
		{BAA2CB0C-63F5-460B-95EF-1336504E1C0A}.Debug|x86.Build.0 = Debug|x86
		{BAA2CB0C-63F5-460B-95EF-1336504E1C0A}.Release|Any CPU.ActiveCfg = Release|x86
		{BAA2CB0C-63F5-460B-95EF-1336504E1C0A}.Release|Any CPU.Build.0 = Release|x86
		{BAA2CB0C-63F5-460B-95EF-1336504E1C0A}.Release|x64.ActiveCfg = Release|x86
		{BAA2CB0C-63F5-460B-95EF-1336504E1C0A}.Release|x64.Build.0 = Release|x86
		{BAA2CB0C-63F5-460B-95EF-1336504E1C0A}.Release|x86.ActiveCfg = Release|x86
		{BAA2CB0C-63F5-460B-95EF-1336504E1C0A}.Release|x86.Build.0 = Release|x86
	EndGlobalSection
	GlobalSection(SolutionProperties) = preSolution
		HideSolutionNode = FALSE
	EndGlobalSection
	GlobalSection(ExtensibilityGlobals) = postSolution
		SolutionGuid = {1999EC34-E1A8-4370-8F2C-E60627C101A9}
	EndGlobalSection
EndGlobal
